
Microsoft Visual Studio Solution File, Format Version 12.00
# Visual Studio 15
VisualStudioVersion = 15.0.28307.1062
MinimumVisualStudioVersion = 10.0.40219.1
Project("{9A19103F-16F7-4668-BE54-9A1E7A4F7556}") = "API", "src\API\API.csproj", "{F3CB9ABF-0CF5-4E80-B78A-ED6B55313634}"
EndProject
Project("{9A19103F-16F7-4668-BE54-9A1E7A4F7556}") = "Application", "src\Application\Application.csproj", "{A1CB6BC1-DDC4-4F0E-A2B1-0018AFD1B13F}"
EndProject
Project("{9A19103F-16F7-4668-BE54-9A1E7A4F7556}") = "Core", "src\Core\Core.csproj", "{26C17B06-EBB1-4935-B4A4-B2DCAF47163B}"
EndProject
Project("{9A19103F-16F7-4668-BE54-9A1E7A4F7556}") = "Persistence", "src\Persistence\Persistence.csproj", "{FC73517C-BC36-4A72-93C0-72A3A619947A}"
EndProject
Project("{9A19103F-16F7-4668-BE54-9A1E7A4F7556}") = "UnitTest", "test\UnitTest\UnitTest.csproj", "{0274C279-F4FA-4CE8-A1A2-8584BF52E436}"
EndProject
Global
	GlobalSection(SolutionConfigurationPlatforms) = preSolution
		Debug|Any CPU = Debug|Any CPU
		Release|Any CPU = Release|Any CPU
	EndGlobalSection
	GlobalSection(ProjectConfigurationPlatforms) = postSolution
		{F3CB9ABF-0CF5-4E80-B78A-ED6B55313634}.Debug|Any CPU.ActiveCfg = Debug|Any CPU
		{F3CB9ABF-0CF5-4E80-B78A-ED6B55313634}.Debug|Any CPU.Build.0 = Debug|Any CPU
		{F3CB9ABF-0CF5-4E80-B78A-ED6B55313634}.Release|Any CPU.ActiveCfg = Release|Any CPU
		{F3CB9ABF-0CF5-4E80-B78A-ED6B55313634}.Release|Any CPU.Build.0 = Release|Any CPU
		{A1CB6BC1-DDC4-4F0E-A2B1-0018AFD1B13F}.Debug|Any CPU.ActiveCfg = Debug|Any CPU
		{A1CB6BC1-DDC4-4F0E-A2B1-0018AFD1B13F}.Debug|Any CPU.Build.0 = Debug|Any CPU
		{A1CB6BC1-DDC4-4F0E-A2B1-0018AFD1B13F}.Release|Any CPU.ActiveCfg = Release|Any CPU
		{A1CB6BC1-DDC4-4F0E-A2B1-0018AFD1B13F}.Release|Any CPU.Build.0 = Release|Any CPU
		{26C17B06-EBB1-4935-B4A4-B2DCAF47163B}.Debug|Any CPU.ActiveCfg = Debug|Any CPU
		{26C17B06-EBB1-4935-B4A4-B2DCAF47163B}.Debug|Any CPU.Build.0 = Debug|Any CPU
		{26C17B06-EBB1-4935-B4A4-B2DCAF47163B}.Release|Any CPU.ActiveCfg = Release|Any CPU
		{26C17B06-EBB1-4935-B4A4-B2DCAF47163B}.Release|Any CPU.Build.0 = Release|Any CPU
		{FC73517C-BC36-4A72-93C0-72A3A619947A}.Debug|Any CPU.ActiveCfg = Debug|Any CPU
		{FC73517C-BC36-4A72-93C0-72A3A619947A}.Debug|Any CPU.Build.0 = Debug|Any CPU
		{FC73517C-BC36-4A72-93C0-72A3A619947A}.Release|Any CPU.ActiveCfg = Release|Any CPU
		{FC73517C-BC36-4A72-93C0-72A3A619947A}.Release|Any CPU.Build.0 = Release|Any CPU
		{0274C279-F4FA-4CE8-A1A2-8584BF52E436}.Debug|Any CPU.ActiveCfg = Debug|Any CPU
		{0274C279-F4FA-4CE8-A1A2-8584BF52E436}.Debug|Any CPU.Build.0 = Debug|Any CPU
		{0274C279-F4FA-4CE8-A1A2-8584BF52E436}.Release|Any CPU.ActiveCfg = Release|Any CPU
		{0274C279-F4FA-4CE8-A1A2-8584BF52E436}.Release|Any CPU.Build.0 = Release|Any CPU
	EndGlobalSection
	GlobalSection(SolutionProperties) = preSolution
		HideSolutionNode = FALSE
	EndGlobalSection
	GlobalSection(ExtensibilityGlobals) = postSolution
		SolutionGuid = {4E6324B7-8446-4199-8E13-FE02EC5C966B}
	EndGlobalSection
EndGlobal
